
Microsoft Visual Studio Solution File, Format Version 12.00
# Visual Studio Version 17
VisualStudioVersion = 17.0.32014.148
MinimumVisualStudioVersion = 10.0.40219.1
Project("{FAE04EC0-301F-11D3-BF4B-00C04F79EFBC}") = "DiplomusContractors", "DiplomusContractors\DiplomusContractors.csproj", "{8720DD5B-9441-4679-89FD-09E84CDD9D6D}"
EndProject
Global
	GlobalSection(SolutionConfigurationPlatforms) = preSolution
		Debug|Any CPU = Debug|Any CPU
		Release|Any CPU = Release|Any CPU
	EndGlobalSection
	GlobalSection(ProjectConfigurationPlatforms) = postSolution
		{8720DD5B-9441-4679-89FD-09E84CDD9D6D}.Debug|Any CPU.ActiveCfg = Debug|Any CPU
		{8720DD5B-9441-4679-89FD-09E84CDD9D6D}.Debug|Any CPU.Build.0 = Debug|Any CPU
		{8720DD5B-9441-4679-89FD-09E84CDD9D6D}.Release|Any CPU.ActiveCfg = Release|Any CPU
		{8720DD5B-9441-4679-89FD-09E84CDD9D6D}.Release|Any CPU.Build.0 = Release|Any CPU
	EndGlobalSection
	GlobalSection(SolutionProperties) = preSolution
		HideSolutionNode = FALSE
	EndGlobalSection
	GlobalSection(ExtensibilityGlobals) = postSolution
		SolutionGuid = {0FB22DE7-98AE-4A85-AA4C-2D43AF282AE1}
	EndGlobalSection
EndGlobal
